{
  "object": {
    "pins": [
      {
        "package": "CodeScanner",
        "repositoryURL": "https://github.com/twostraws/CodeScanner",
        "state": {
          "branch": null,
          "revision": "a2144ddaa7c43a6ee00873edd4cc7815ad97942f",
          "version": "1.0.7"
        }
      },
      {
        "package": "KeychainAccess",
        "repositoryURL": "https://github.com/kishikawakatsumi/KeychainAccess",
        "state": {
          "branch": null,
          "revision": "84e546727d66f1adc5439debad16270d0fdd04e7",
          "version": "4.2.2"
        }
      },
      {
        "package": "KeychainOTP",
        "repositoryURL": "https://github.com/lisindima/KeychainOTP",
        "state": {
          "branch": null,
          "revision": "ae87c4bcbe085b3ba8b44fdf83d28087f2d9b17e",
          "version": "0.0.2"
        }
      }
    ]
  },
  "version": 1
}
