// !$*UTF8*$!
{
	archiveVersion = 1;
	classes = {
	};
	objectVersion = 52;
	objects = {

/* Begin PBXBuildFile section */
		CB158E3825C2AE0C001627E4 /* Color.swift in Sources */ = {isa = PBXBuildFile; fileRef = CB158E3725C2AE0C001627E4 /* Color.swift */; };
		CB158E3925C2AE0C001627E4 /* Color.swift in Sources */ = {isa = PBXBuildFile; fileRef = CB158E3725C2AE0C001627E4 /* Color.swift */; };
		CB158E4D25C2AEA1001627E4 /* URL.swift in Sources */ = {isa = PBXBuildFile; fileRef = CB158E4C25C2AEA1001627E4 /* URL.swift */; };
		CB158E4E25C2AEA1001627E4 /* URL.swift in Sources */ = {isa = PBXBuildFile; fileRef = CB158E4C25C2AEA1001627E4 /* URL.swift */; };
		CB158E5525C2AEEA001627E4 /* View.swift in Sources */ = {isa = PBXBuildFile; fileRef = CB158E5425C2AEEA001627E4 /* View.swift */; };
		CB158E5625C2AEEA001627E4 /* View.swift in Sources */ = {isa = PBXBuildFile; fileRef = CB158E5425C2AEEA001627E4 /* View.swift */; };
		CB158E6225C2B04F001627E4 /* ListStyle.swift in Sources */ = {isa = PBXBuildFile; fileRef = CB158E6125C2B04F001627E4 /* ListStyle.swift */; };
		CB158E6325C2B04F001627E4 /* ListStyle.swift in Sources */ = {isa = PBXBuildFile; fileRef = CB158E6125C2B04F001627E4 /* ListStyle.swift */; };
		CB158E7225C2B092001627E4 /* ButtonModifier.swift in Sources */ = {isa = PBXBuildFile; fileRef = CB158E7125C2B092001627E4 /* ButtonModifier.swift */; };
		CB158E7325C2B092001627E4 /* ButtonModifier.swift in Sources */ = {isa = PBXBuildFile; fileRef = CB158E7125C2B092001627E4 /* ButtonModifier.swift */; };
		CB158E7A25C2B0C9001627E4 /* EmbedInNavigation.swift in Sources */ = {isa = PBXBuildFile; fileRef = CB158E7925C2B0C9001627E4 /* EmbedInNavigation.swift */; };
		CB158E7B25C2B0C9001627E4 /* EmbedInNavigation.swift in Sources */ = {isa = PBXBuildFile; fileRef = CB158E7925C2B0C9001627E4 /* EmbedInNavigation.swift */; };
		CB158E8225C2B0E1001627E4 /* ColorPickerMac.swift in Sources */ = {isa = PBXBuildFile; fileRef = CB158E8125C2B0E1001627E4 /* ColorPickerMac.swift */; };
		CB158E8325C2B0E1001627E4 /* ColorPickerMac.swift in Sources */ = {isa = PBXBuildFile; fileRef = CB158E8125C2B0E1001627E4 /* ColorPickerMac.swift */; };
		CB351D8625B95DEE006F6A8D /* String.swift in Sources */ = {isa = PBXBuildFile; fileRef = CB351D8525B95DEE006F6A8D /* String.swift */; };
		CB351D8725B95DEE006F6A8D /* String.swift in Sources */ = {isa = PBXBuildFile; fileRef = CB351D8525B95DEE006F6A8D /* String.swift */; };
		CB35695B25B53CEC00663B2E /* OTPHub.xcdatamodeld in Sources */ = {isa = PBXBuildFile; fileRef = CB35694525B53CEB00663B2E /* OTPHub.xcdatamodeld */; };
		CB35695C25B53CEC00663B2E /* OTPHub.xcdatamodeld in Sources */ = {isa = PBXBuildFile; fileRef = CB35694525B53CEB00663B2E /* OTPHub.xcdatamodeld */; };
		CB35695D25B53CEC00663B2E /* OTPHubApp.swift in Sources */ = {isa = PBXBuildFile; fileRef = CB35694725B53CEB00663B2E /* OTPHubApp.swift */; };
		CB35695E25B53CEC00663B2E /* OTPHubApp.swift in Sources */ = {isa = PBXBuildFile; fileRef = CB35694725B53CEB00663B2E /* OTPHubApp.swift */; };
		CB35695F25B53CEC00663B2E /* ContentView.swift in Sources */ = {isa = PBXBuildFile; fileRef = CB35694825B53CEB00663B2E /* ContentView.swift */; };
		CB35696025B53CEC00663B2E /* ContentView.swift in Sources */ = {isa = PBXBuildFile; fileRef = CB35694825B53CEB00663B2E /* ContentView.swift */; };
		CB35696125B53CEC00663B2E /* Persistence.swift in Sources */ = {isa = PBXBuildFile; fileRef = CB35694925B53CEB00663B2E /* Persistence.swift */; };
		CB35696225B53CEC00663B2E /* Persistence.swift in Sources */ = {isa = PBXBuildFile; fileRef = CB35694925B53CEB00663B2E /* Persistence.swift */; };
		CB35696325B53CEC00663B2E /* Assets.xcassets in Resources */ = {isa = PBXBuildFile; fileRef = CB35694A25B53CEC00663B2E /* Assets.xcassets */; };
		CB35696425B53CEC00663B2E /* Assets.xcassets in Resources */ = {isa = PBXBuildFile; fileRef = CB35694A25B53CEC00663B2E /* Assets.xcassets */; };
		CB35697525B5423500663B2E /* AddPasswordView.swift in Sources */ = {isa = PBXBuildFile; fileRef = CB35697425B5423500663B2E /* AddPasswordView.swift */; };
		CB35697625B5423500663B2E /* AddPasswordView.swift in Sources */ = {isa = PBXBuildFile; fileRef = CB35697425B5423500663B2E /* AddPasswordView.swift */; };
		CB35697C25B55F1D00663B2E /* CustomButton.swift in Sources */ = {isa = PBXBuildFile; fileRef = CB35697B25B55F1D00663B2E /* CustomButton.swift */; };
		CB35697D25B55F1D00663B2E /* CustomButton.swift in Sources */ = {isa = PBXBuildFile; fileRef = CB35697B25B55F1D00663B2E /* CustomButton.swift */; };
		CB35699125B566B900663B2E /* ListItem.swift in Sources */ = {isa = PBXBuildFile; fileRef = CB35699025B566B900663B2E /* ListItem.swift */; };
		CB35699225B566B900663B2E /* ListItem.swift in Sources */ = {isa = PBXBuildFile; fileRef = CB35699025B566B900663B2E /* ListItem.swift */; };
		CB35699625B568A700663B2E /* Enum.swift in Sources */ = {isa = PBXBuildFile; fileRef = CB35699525B568A700663B2E /* Enum.swift */; };
		CB35699725B568A700663B2E /* Enum.swift in Sources */ = {isa = PBXBuildFile; fileRef = CB35699525B568A700663B2E /* Enum.swift */; };
		CB49478725CC314C0062FBBE /* CustomLabel.swift in Sources */ = {isa = PBXBuildFile; fileRef = CB49478625CC314C0062FBBE /* CustomLabel.swift */; };
		CB49478825CC314C0062FBBE /* CustomLabel.swift in Sources */ = {isa = PBXBuildFile; fileRef = CB49478625CC314C0062FBBE /* CustomLabel.swift */; };
		CB6396FF25B7000700B7AAA0 /* CloudKit.framework in Frameworks */ = {isa = PBXBuildFile; fileRef = CB6396FE25B7000700B7AAA0 /* CloudKit.framework */; };
		CB63970125B7007800B7AAA0 /* CloudKit.framework in Frameworks */ = {isa = PBXBuildFile; fileRef = CB63970025B7007800B7AAA0 /* CloudKit.framework */; };
		CB89B18B25B6C6B100B61B68 /* Localizable.strings in Resources */ = {isa = PBXBuildFile; fileRef = CB89B18E25B6C6B100B61B68 /* Localizable.strings */; };
		CB89B18C25B6C6B100B61B68 /* Localizable.strings in Resources */ = {isa = PBXBuildFile; fileRef = CB89B18E25B6C6B100B61B68 /* Localizable.strings */; };
		CBBD42F625BC1AEC0091028D /* SwiftOTP in Frameworks */ = {isa = PBXBuildFile; productRef = CBBD42F525BC1AEC0091028D /* SwiftOTP */; };
		CBBD42F825BC1AF40091028D /* SwiftOTP in Frameworks */ = {isa = PBXBuildFile; productRef = CBBD42F725BC1AF40091028D /* SwiftOTP */; };
		CBBE8A6D25B6969300CE1DE8 /* CodeScanner in Frameworks */ = {isa = PBXBuildFile; productRef = CBBE8A6C25B6969300CE1DE8 /* CodeScanner */; };
		CBFEC13025C6E9FC0092BD1A /* CustomTextField.swift in Sources */ = {isa = PBXBuildFile; fileRef = CBFEC12F25C6E9FC0092BD1A /* CustomTextField.swift */; };
		CBFEC13125C6E9FC0092BD1A /* CustomTextField.swift in Sources */ = {isa = PBXBuildFile; fileRef = CBFEC12F25C6E9FC0092BD1A /* CustomTextField.swift */; };
/* End PBXBuildFile section */

/* Begin PBXCopyFilesBuildPhase section */
		CB2AA2C125BF015300D317DE /* Embed Watch Content */ = {
			isa = PBXCopyFilesBuildPhase;
			buildActionMask = 2147483647;
			dstPath = "$(CONTENTS_FOLDER_PATH)/Watch";
			dstSubfolderSpec = 16;
			files = (
			);
			name = "Embed Watch Content";
			runOnlyForDeploymentPostprocessing = 0;
		};
/* End PBXCopyFilesBuildPhase section */

/* Begin PBXFileReference section */
		CB158E3725C2AE0C001627E4 /* Color.swift */ = {isa = PBXFileReference; lastKnownFileType = sourcecode.swift; path = Color.swift; sourceTree = "<group>"; };
		CB158E4C25C2AEA1001627E4 /* URL.swift */ = {isa = PBXFileReference; lastKnownFileType = sourcecode.swift; path = URL.swift; sourceTree = "<group>"; };
		CB158E5425C2AEEA001627E4 /* View.swift */ = {isa = PBXFileReference; lastKnownFileType = sourcecode.swift; path = View.swift; sourceTree = "<group>"; };
		CB158E6125C2B04F001627E4 /* ListStyle.swift */ = {isa = PBXFileReference; lastKnownFileType = sourcecode.swift; path = ListStyle.swift; sourceTree = "<group>"; };
		CB158E7125C2B092001627E4 /* ButtonModifier.swift */ = {isa = PBXFileReference; lastKnownFileType = sourcecode.swift; path = ButtonModifier.swift; sourceTree = "<group>"; };
		CB158E7925C2B0C9001627E4 /* EmbedInNavigation.swift */ = {isa = PBXFileReference; lastKnownFileType = sourcecode.swift; path = EmbedInNavigation.swift; sourceTree = "<group>"; };
		CB158E8125C2B0E1001627E4 /* ColorPickerMac.swift */ = {isa = PBXFileReference; lastKnownFileType = sourcecode.swift; path = ColorPickerMac.swift; sourceTree = "<group>"; };
		CB2AA36125BF139C00D317DE /* CloudKit.framework */ = {isa = PBXFileReference; lastKnownFileType = wrapper.framework; name = CloudKit.framework; path = Platforms/WatchOS.platform/Developer/SDKs/WatchOS7.2.sdk/System/Library/Frameworks/CloudKit.framework; sourceTree = DEVELOPER_DIR; };
		CB351D8525B95DEE006F6A8D /* String.swift */ = {isa = PBXFileReference; lastKnownFileType = sourcecode.swift; path = String.swift; sourceTree = "<group>"; };
		CB35694625B53CEB00663B2E /* Shared.xcdatamodel */ = {isa = PBXFileReference; lastKnownFileType = wrapper.xcdatamodel; path = Shared.xcdatamodel; sourceTree = "<group>"; };
		CB35694725B53CEB00663B2E /* OTPHubApp.swift */ = {isa = PBXFileReference; lastKnownFileType = sourcecode.swift; path = OTPHubApp.swift; sourceTree = "<group>"; };
		CB35694825B53CEB00663B2E /* ContentView.swift */ = {isa = PBXFileReference; lastKnownFileType = sourcecode.swift; path = ContentView.swift; sourceTree = "<group>"; };
		CB35694925B53CEB00663B2E /* Persistence.swift */ = {isa = PBXFileReference; lastKnownFileType = sourcecode.swift; path = Persistence.swift; sourceTree = "<group>"; };
		CB35694A25B53CEC00663B2E /* Assets.xcassets */ = {isa = PBXFileReference; lastKnownFileType = folder.assetcatalog; path = Assets.xcassets; sourceTree = "<group>"; };
		CB35694F25B53CEC00663B2E /* OTPHub.app */ = {isa = PBXFileReference; explicitFileType = wrapper.application; includeInIndex = 0; path = OTPHub.app; sourceTree = BUILT_PRODUCTS_DIR; };
		CB35695225B53CEC00663B2E /* Info.plist */ = {isa = PBXFileReference; lastKnownFileType = text.plist.xml; path = Info.plist; sourceTree = "<group>"; };
		CB35695725B53CEC00663B2E /* OTPHub.app */ = {isa = PBXFileReference; explicitFileType = wrapper.application; includeInIndex = 0; path = OTPHub.app; sourceTree = BUILT_PRODUCTS_DIR; };
		CB35695925B53CEC00663B2E /* Info.plist */ = {isa = PBXFileReference; lastKnownFileType = text.plist.xml; path = Info.plist; sourceTree = "<group>"; };
		CB35695A25B53CEC00663B2E /* macOS.entitlements */ = {isa = PBXFileReference; lastKnownFileType = text.plist.entitlements; path = macOS.entitlements; sourceTree = "<group>"; };
		CB35697425B5423500663B2E /* AddPasswordView.swift */ = {isa = PBXFileReference; lastKnownFileType = sourcecode.swift; path = AddPasswordView.swift; sourceTree = "<group>"; };
		CB35697B25B55F1D00663B2E /* CustomButton.swift */ = {isa = PBXFileReference; lastKnownFileType = sourcecode.swift; path = CustomButton.swift; sourceTree = "<group>"; };
		CB35699025B566B900663B2E /* ListItem.swift */ = {isa = PBXFileReference; lastKnownFileType = sourcecode.swift; path = ListItem.swift; sourceTree = "<group>"; };
		CB35699525B568A700663B2E /* Enum.swift */ = {isa = PBXFileReference; lastKnownFileType = sourcecode.swift; path = Enum.swift; sourceTree = "<group>"; };
		CB49478625CC314C0062FBBE /* CustomLabel.swift */ = {isa = PBXFileReference; lastKnownFileType = sourcecode.swift; path = CustomLabel.swift; sourceTree = "<group>"; };
		CB6396FB25B7000100B7AAA0 /* iOS.entitlements */ = {isa = PBXFileReference; lastKnownFileType = text.plist.entitlements; path = iOS.entitlements; sourceTree = "<group>"; };
		CB6396FE25B7000700B7AAA0 /* CloudKit.framework */ = {isa = PBXFileReference; lastKnownFileType = wrapper.framework; name = CloudKit.framework; path = Platforms/iPhoneOS.platform/Developer/SDKs/iPhoneOS14.3.sdk/System/Library/Frameworks/CloudKit.framework; sourceTree = DEVELOPER_DIR; };
		CB63970025B7007800B7AAA0 /* CloudKit.framework */ = {isa = PBXFileReference; lastKnownFileType = wrapper.framework; name = CloudKit.framework; path = System/Library/Frameworks/CloudKit.framework; sourceTree = SDKROOT; };
		CB89B18D25B6C6B100B61B68 /* en */ = {isa = PBXFileReference; lastKnownFileType = text.plist.strings; name = en; path = en.lproj/Localizable.strings; sourceTree = "<group>"; };
		CB89B18F25B6C6B400B61B68 /* ru */ = {isa = PBXFileReference; lastKnownFileType = text.plist.strings; name = ru; path = ru.lproj/Localizable.strings; sourceTree = "<group>"; };
		CBBD42F025BC18170091028D /* SwiftOTP */ = {isa = PBXFileReference; lastKnownFileType = folder; name = SwiftOTP; path = ../SwiftOTP; sourceTree = "<group>"; };
		CBFEC12F25C6E9FC0092BD1A /* CustomTextField.swift */ = {isa = PBXFileReference; lastKnownFileType = sourcecode.swift; path = CustomTextField.swift; sourceTree = "<group>"; };
/* End PBXFileReference section */

/* Begin PBXFrameworksBuildPhase section */
		CB35694C25B53CEC00663B2E /* Frameworks */ = {
			isa = PBXFrameworksBuildPhase;
			buildActionMask = 2147483647;
			files = (
				CB6396FF25B7000700B7AAA0 /* CloudKit.framework in Frameworks */,
				CBBD42F625BC1AEC0091028D /* SwiftOTP in Frameworks */,
				CBBE8A6D25B6969300CE1DE8 /* CodeScanner in Frameworks */,
			);
			runOnlyForDeploymentPostprocessing = 0;
		};
		CB35695425B53CEC00663B2E /* Frameworks */ = {
			isa = PBXFrameworksBuildPhase;
			buildActionMask = 2147483647;
			files = (
				CBBD42F825BC1AF40091028D /* SwiftOTP in Frameworks */,
				CB63970125B7007800B7AAA0 /* CloudKit.framework in Frameworks */,
			);
			runOnlyForDeploymentPostprocessing = 0;
		};
/* End PBXFrameworksBuildPhase section */

/* Begin PBXGroup section */
		CB158E3F25C2AE15001627E4 /* Extension */ = {
			isa = PBXGroup;
			children = (
				CB158E3725C2AE0C001627E4 /* Color.swift */,
				CB158E4C25C2AEA1001627E4 /* URL.swift */,
				CB158E5425C2AEEA001627E4 /* View.swift */,
			);
			path = Extension;
			sourceTree = "<group>";
		};
		CB158E6025C2B02E001627E4 /* ViewModifier */ = {
			isa = PBXGroup;
			children = (
				CB35697B25B55F1D00663B2E /* CustomButton.swift */,
				CB158E8125C2B0E1001627E4 /* ColorPickerMac.swift */,
				CB158E7925C2B0C9001627E4 /* EmbedInNavigation.swift */,
				CB158E6125C2B04F001627E4 /* ListStyle.swift */,
				CBFEC12F25C6E9FC0092BD1A /* CustomTextField.swift */,
				CB158E7125C2B092001627E4 /* ButtonModifier.swift */,
				CB49478625CC314C0062FBBE /* CustomLabel.swift */,
			);
			path = ViewModifier;
			sourceTree = "<group>";
		};
		CB168FDD25B5DE24000DC544 /* Frameworks */ = {
			isa = PBXGroup;
			children = (
				CB2AA36125BF139C00D317DE /* CloudKit.framework */,
				CB63970025B7007800B7AAA0 /* CloudKit.framework */,
				CB6396FE25B7000700B7AAA0 /* CloudKit.framework */,
			);
			name = Frameworks;
			sourceTree = "<group>";
		};
		CB35693F25B53CEB00663B2E = {
			isa = PBXGroup;
			children = (
				CBBD42F025BC18170091028D /* SwiftOTP */,
				CB35694425B53CEB00663B2E /* Shared */,
				CB35695125B53CEC00663B2E /* iOS */,
				CB35695825B53CEC00663B2E /* macOS */,
				CB35695025B53CEC00663B2E /* Products */,
				CB168FDD25B5DE24000DC544 /* Frameworks */,
			);
			sourceTree = "<group>";
		};
		CB35694425B53CEB00663B2E /* Shared */ = {
			isa = PBXGroup;
			children = (
				CB158E6025C2B02E001627E4 /* ViewModifier */,
				CB158E3F25C2AE15001627E4 /* Extension */,
				CB35694725B53CEB00663B2E /* OTPHubApp.swift */,
				CB35694825B53CEB00663B2E /* ContentView.swift */,
				CB35699025B566B900663B2E /* ListItem.swift */,
				CB35697425B5423500663B2E /* AddPasswordView.swift */,
				CB35699525B568A700663B2E /* Enum.swift */,
				CB351D8525B95DEE006F6A8D /* String.swift */,
				CB35694925B53CEB00663B2E /* Persistence.swift */,
				CB35694A25B53CEC00663B2E /* Assets.xcassets */,
				CB35694525B53CEB00663B2E /* OTPHub.xcdatamodeld */,
				CB89B18E25B6C6B100B61B68 /* Localizable.strings */,
			);
			path = Shared;
			sourceTree = "<group>";
		};
		CB35695025B53CEC00663B2E /* Products */ = {
			isa = PBXGroup;
			children = (
				CB35694F25B53CEC00663B2E /* OTPHub.app */,
				CB35695725B53CEC00663B2E /* OTPHub.app */,
			);
			name = Products;
			sourceTree = "<group>";
		};
		CB35695125B53CEC00663B2E /* iOS */ = {
			isa = PBXGroup;
			children = (
				CB35695225B53CEC00663B2E /* Info.plist */,
				CB6396FB25B7000100B7AAA0 /* iOS.entitlements */,
			);
			path = iOS;
			sourceTree = "<group>";
		};
		CB35695825B53CEC00663B2E /* macOS */ = {
			isa = PBXGroup;
			children = (
				CB35695925B53CEC00663B2E /* Info.plist */,
				CB35695A25B53CEC00663B2E /* macOS.entitlements */,
			);
			path = macOS;
			sourceTree = "<group>";
		};
/* End PBXGroup section */

/* Begin PBXNativeTarget section */
		CB35694E25B53CEC00663B2E /* OTPHub (iOS) */ = {
			isa = PBXNativeTarget;
			buildConfigurationList = CB35696725B53CEC00663B2E /* Build configuration list for PBXNativeTarget "OTPHub (iOS)" */;
			buildPhases = (
				CB35694B25B53CEC00663B2E /* Sources */,
				CB35694C25B53CEC00663B2E /* Frameworks */,
				CB35694D25B53CEC00663B2E /* Resources */,
				CB2AA2C125BF015300D317DE /* Embed Watch Content */,
			);
			buildRules = (
			);
			dependencies = (
			);
			name = "OTPHub (iOS)";
			packageProductDependencies = (
				CBBE8A6C25B6969300CE1DE8 /* CodeScanner */,
				CBBD42F525BC1AEC0091028D /* SwiftOTP */,
			);
			productName = "2FAapp (iOS)";
			productReference = CB35694F25B53CEC00663B2E /* OTPHub.app */;
			productType = "com.apple.product-type.application";
		};
		CB35695625B53CEC00663B2E /* OTPHub (macOS) */ = {
			isa = PBXNativeTarget;
			buildConfigurationList = CB35696A25B53CEC00663B2E /* Build configuration list for PBXNativeTarget "OTPHub (macOS)" */;
			buildPhases = (
				CB35695325B53CEC00663B2E /* Sources */,
				CB35695425B53CEC00663B2E /* Frameworks */,
				CB35695525B53CEC00663B2E /* Resources */,
			);
			buildRules = (
			);
			dependencies = (
			);
			name = "OTPHub (macOS)";
			packageProductDependencies = (
				CBBD42F725BC1AF40091028D /* SwiftOTP */,
			);
			productName = "2FAapp (macOS)";
			productReference = CB35695725B53CEC00663B2E /* OTPHub.app */;
			productType = "com.apple.product-type.application";
		};
/* End PBXNativeTarget section */

/* Begin PBXProject section */
		CB35694025B53CEB00663B2E /* Project object */ = {
			isa = PBXProject;
			attributes = {
				LastSwiftUpdateCheck = 1240;
				LastUpgradeCheck = 1250;
				TargetAttributes = {
					CB35694E25B53CEC00663B2E = {
						CreatedOnToolsVersion = 12.3;
					};
					CB35695625B53CEC00663B2E = {
						CreatedOnToolsVersion = 12.3;
					};
				};
			};
			buildConfigurationList = CB35694325B53CEB00663B2E /* Build configuration list for PBXProject "OTPHub" */;
			compatibilityVersion = "Xcode 9.3";
			developmentRegion = en;
			hasScannedForEncodings = 0;
			knownRegions = (
				en,
				ru,
				Base,
			);
			mainGroup = CB35693F25B53CEB00663B2E;
			packageReferences = (
				CBBE8A6B25B6969300CE1DE8 /* XCRemoteSwiftPackageReference "CodeScanner" */,
			);
			productRefGroup = CB35695025B53CEC00663B2E /* Products */;
			projectDirPath = "";
			projectRoot = "";
			targets = (
				CB35694E25B53CEC00663B2E /* OTPHub (iOS) */,
				CB35695625B53CEC00663B2E /* OTPHub (macOS) */,
			);
		};
/* End PBXProject section */

/* Begin PBXResourcesBuildPhase section */
		CB35694D25B53CEC00663B2E /* Resources */ = {
			isa = PBXResourcesBuildPhase;
			buildActionMask = 2147483647;
			files = (
				CB35696325B53CEC00663B2E /* Assets.xcassets in Resources */,
				CB89B18B25B6C6B100B61B68 /* Localizable.strings in Resources */,
			);
			runOnlyForDeploymentPostprocessing = 0;
		};
		CB35695525B53CEC00663B2E /* Resources */ = {
			isa = PBXResourcesBuildPhase;
			buildActionMask = 2147483647;
			files = (
				CB35696425B53CEC00663B2E /* Assets.xcassets in Resources */,
				CB89B18C25B6C6B100B61B68 /* Localizable.strings in Resources */,
			);
			runOnlyForDeploymentPostprocessing = 0;
		};
/* End PBXResourcesBuildPhase section */

/* Begin PBXSourcesBuildPhase section */
		CB35694B25B53CEC00663B2E /* Sources */ = {
			isa = PBXSourcesBuildPhase;
			buildActionMask = 2147483647;
			files = (
				CB35695D25B53CEC00663B2E /* OTPHubApp.swift in Sources */,
				CB49478725CC314C0062FBBE /* CustomLabel.swift in Sources */,
				CB158E5525C2AEEA001627E4 /* View.swift in Sources */,
				CB158E6225C2B04F001627E4 /* ListStyle.swift in Sources */,
				CB158E4D25C2AEA1001627E4 /* URL.swift in Sources */,
				CBFEC13025C6E9FC0092BD1A /* CustomTextField.swift in Sources */,
				CB35699125B566B900663B2E /* ListItem.swift in Sources */,
				CB158E3825C2AE0C001627E4 /* Color.swift in Sources */,
				CB35699625B568A700663B2E /* Enum.swift in Sources */,
				CB35696125B53CEC00663B2E /* Persistence.swift in Sources */,
				CB351D8625B95DEE006F6A8D /* String.swift in Sources */,
				CB158E8225C2B0E1001627E4 /* ColorPickerMac.swift in Sources */,
				CB35697C25B55F1D00663B2E /* CustomButton.swift in Sources */,
				CB35695B25B53CEC00663B2E /* OTPHub.xcdatamodeld in Sources */,
				CB158E7225C2B092001627E4 /* ButtonModifier.swift in Sources */,
				CB35695F25B53CEC00663B2E /* ContentView.swift in Sources */,
				CB158E7A25C2B0C9001627E4 /* EmbedInNavigation.swift in Sources */,
				CB35697525B5423500663B2E /* AddPasswordView.swift in Sources */,
			);
			runOnlyForDeploymentPostprocessing = 0;
		};
		CB35695325B53CEC00663B2E /* Sources */ = {
			isa = PBXSourcesBuildPhase;
			buildActionMask = 2147483647;
			files = (
				CB35695E25B53CEC00663B2E /* OTPHubApp.swift in Sources */,
				CB49478825CC314C0062FBBE /* CustomLabel.swift in Sources */,
				CB158E5625C2AEEA001627E4 /* View.swift in Sources */,
				CB158E6325C2B04F001627E4 /* ListStyle.swift in Sources */,
				CB351D8725B95DEE006F6A8D /* String.swift in Sources */,
				CBFEC13125C6E9FC0092BD1A /* CustomTextField.swift in Sources */,
				CB158E4E25C2AEA1001627E4 /* URL.swift in Sources */,
				CB35699225B566B900663B2E /* ListItem.swift in Sources */,
				CB158E3925C2AE0C001627E4 /* Color.swift in Sources */,
				CB35699725B568A700663B2E /* Enum.swift in Sources */,
				CB158E8325C2B0E1001627E4 /* ColorPickerMac.swift in Sources */,
				CB35696225B53CEC00663B2E /* Persistence.swift in Sources */,
				CB35697D25B55F1D00663B2E /* CustomButton.swift in Sources */,
				CB35695C25B53CEC00663B2E /* OTPHub.xcdatamodeld in Sources */,
				CB158E7325C2B092001627E4 /* ButtonModifier.swift in Sources */,
				CB35696025B53CEC00663B2E /* ContentView.swift in Sources */,
				CB158E7B25C2B0C9001627E4 /* EmbedInNavigation.swift in Sources */,
				CB35697625B5423500663B2E /* AddPasswordView.swift in Sources */,
			);
			runOnlyForDeploymentPostprocessing = 0;
		};
/* End PBXSourcesBuildPhase section */

/* Begin PBXVariantGroup section */
		CB89B18E25B6C6B100B61B68 /* Localizable.strings */ = {
			isa = PBXVariantGroup;
			children = (
				CB89B18D25B6C6B100B61B68 /* en */,
				CB89B18F25B6C6B400B61B68 /* ru */,
			);
			name = Localizable.strings;
			sourceTree = "<group>";
		};
/* End PBXVariantGroup section */

/* Begin XCBuildConfiguration section */
		CB35696525B53CEC00663B2E /* Debug */ = {
			isa = XCBuildConfiguration;
			buildSettings = {
				ALWAYS_SEARCH_USER_PATHS = NO;
				CLANG_ANALYZER_LOCALIZABILITY_NONLOCALIZED = YES;
				CLANG_ANALYZER_NONNULL = YES;
				CLANG_ANALYZER_NUMBER_OBJECT_CONVERSION = YES_AGGRESSIVE;
				CLANG_CXX_LANGUAGE_STANDARD = "gnu++14";
				CLANG_CXX_LIBRARY = "libc++";
				CLANG_ENABLE_MODULES = YES;
				CLANG_ENABLE_OBJC_ARC = YES;
				CLANG_ENABLE_OBJC_WEAK = YES;
				CLANG_WARN_BLOCK_CAPTURE_AUTORELEASING = YES;
				CLANG_WARN_BOOL_CONVERSION = YES;
				CLANG_WARN_COMMA = YES;
				CLANG_WARN_CONSTANT_CONVERSION = YES;
				CLANG_WARN_DEPRECATED_OBJC_IMPLEMENTATIONS = YES;
				CLANG_WARN_DIRECT_OBJC_ISA_USAGE = YES_ERROR;
				CLANG_WARN_DOCUMENTATION_COMMENTS = YES;
				CLANG_WARN_EMPTY_BODY = YES;
				CLANG_WARN_ENUM_CONVERSION = YES;
				CLANG_WARN_INFINITE_RECURSION = YES;
				CLANG_WARN_INT_CONVERSION = YES;
				CLANG_WARN_NON_LITERAL_NULL_CONVERSION = YES;
				CLANG_WARN_OBJC_IMPLICIT_RETAIN_SELF = YES;
				CLANG_WARN_OBJC_LITERAL_CONVERSION = YES;
				CLANG_WARN_OBJC_ROOT_CLASS = YES_ERROR;
				CLANG_WARN_QUOTED_INCLUDE_IN_FRAMEWORK_HEADER = YES;
				CLANG_WARN_RANGE_LOOP_ANALYSIS = YES;
				CLANG_WARN_STRICT_PROTOTYPES = YES;
				CLANG_WARN_SUSPICIOUS_MOVE = YES;
				CLANG_WARN_UNGUARDED_AVAILABILITY = YES_AGGRESSIVE;
				CLANG_WARN_UNREACHABLE_CODE = YES;
				CLANG_WARN__DUPLICATE_METHOD_MATCH = YES;
				COPY_PHASE_STRIP = NO;
				DEBUG_INFORMATION_FORMAT = dwarf;
				ENABLE_STRICT_OBJC_MSGSEND = YES;
				ENABLE_TESTABILITY = YES;
				GCC_C_LANGUAGE_STANDARD = gnu11;
				GCC_DYNAMIC_NO_PIC = NO;
				GCC_NO_COMMON_BLOCKS = YES;
				GCC_OPTIMIZATION_LEVEL = 0;
				GCC_PREPROCESSOR_DEFINITIONS = (
					"DEBUG=1",
					"$(inherited)",
				);
				GCC_WARN_64_TO_32_BIT_CONVERSION = YES;
				GCC_WARN_ABOUT_RETURN_TYPE = YES_ERROR;
				GCC_WARN_UNDECLARED_SELECTOR = YES;
				GCC_WARN_UNINITIALIZED_AUTOS = YES_AGGRESSIVE;
				GCC_WARN_UNUSED_FUNCTION = YES;
				GCC_WARN_UNUSED_VARIABLE = YES;
				IPHONEOS_DEPLOYMENT_TARGET = 14.3;
				MACOSX_DEPLOYMENT_TARGET = 11.0;
				MTL_ENABLE_DEBUG_INFO = INCLUDE_SOURCE;
				MTL_FAST_MATH = YES;
				ONLY_ACTIVE_ARCH = YES;
				SWIFT_ACTIVE_COMPILATION_CONDITIONS = DEBUG;
				SWIFT_OPTIMIZATION_LEVEL = "-Onone";
			};
			name = Debug;
		};
		CB35696625B53CEC00663B2E /* Release */ = {
			isa = XCBuildConfiguration;
			buildSettings = {
				ALWAYS_SEARCH_USER_PATHS = NO;
				CLANG_ANALYZER_LOCALIZABILITY_NONLOCALIZED = YES;
				CLANG_ANALYZER_NONNULL = YES;
				CLANG_ANALYZER_NUMBER_OBJECT_CONVERSION = YES_AGGRESSIVE;
				CLANG_CXX_LANGUAGE_STANDARD = "gnu++14";
				CLANG_CXX_LIBRARY = "libc++";
				CLANG_ENABLE_MODULES = YES;
				CLANG_ENABLE_OBJC_ARC = YES;
				CLANG_ENABLE_OBJC_WEAK = YES;
				CLANG_WARN_BLOCK_CAPTURE_AUTORELEASING = YES;
				CLANG_WARN_BOOL_CONVERSION = YES;
				CLANG_WARN_COMMA = YES;
				CLANG_WARN_CONSTANT_CONVERSION = YES;
				CLANG_WARN_DEPRECATED_OBJC_IMPLEMENTATIONS = YES;
				CLANG_WARN_DIRECT_OBJC_ISA_USAGE = YES_ERROR;
				CLANG_WARN_DOCUMENTATION_COMMENTS = YES;
				CLANG_WARN_EMPTY_BODY = YES;
				CLANG_WARN_ENUM_CONVERSION = YES;
				CLANG_WARN_INFINITE_RECURSION = YES;
				CLANG_WARN_INT_CONVERSION = YES;
				CLANG_WARN_NON_LITERAL_NULL_CONVERSION = YES;
				CLANG_WARN_OBJC_IMPLICIT_RETAIN_SELF = YES;
				CLANG_WARN_OBJC_LITERAL_CONVERSION = YES;
				CLANG_WARN_OBJC_ROOT_CLASS = YES_ERROR;
				CLANG_WARN_QUOTED_INCLUDE_IN_FRAMEWORK_HEADER = YES;
				CLANG_WARN_RANGE_LOOP_ANALYSIS = YES;
				CLANG_WARN_STRICT_PROTOTYPES = YES;
				CLANG_WARN_SUSPICIOUS_MOVE = YES;
				CLANG_WARN_UNGUARDED_AVAILABILITY = YES_AGGRESSIVE;
				CLANG_WARN_UNREACHABLE_CODE = YES;
				CLANG_WARN__DUPLICATE_METHOD_MATCH = YES;
				COPY_PHASE_STRIP = NO;
				DEBUG_INFORMATION_FORMAT = "dwarf-with-dsym";
				ENABLE_NS_ASSERTIONS = NO;
				ENABLE_STRICT_OBJC_MSGSEND = YES;
				GCC_C_LANGUAGE_STANDARD = gnu11;
				GCC_NO_COMMON_BLOCKS = YES;
				GCC_WARN_64_TO_32_BIT_CONVERSION = YES;
				GCC_WARN_ABOUT_RETURN_TYPE = YES_ERROR;
				GCC_WARN_UNDECLARED_SELECTOR = YES;
				GCC_WARN_UNINITIALIZED_AUTOS = YES_AGGRESSIVE;
				GCC_WARN_UNUSED_FUNCTION = YES;
				GCC_WARN_UNUSED_VARIABLE = YES;
				IPHONEOS_DEPLOYMENT_TARGET = 14.3;
				MACOSX_DEPLOYMENT_TARGET = 11.0;
				MTL_ENABLE_DEBUG_INFO = NO;
				MTL_FAST_MATH = YES;
				SWIFT_COMPILATION_MODE = wholemodule;
				SWIFT_OPTIMIZATION_LEVEL = "-O";
			};
			name = Release;
		};
		CB35696825B53CEC00663B2E /* Debug */ = {
			isa = XCBuildConfiguration;
			buildSettings = {
				ASSETCATALOG_COMPILER_APPICON_NAME = AppIcon;
				ASSETCATALOG_COMPILER_GLOBAL_ACCENT_COLOR_NAME = AccentColor;
				CODE_SIGN_ENTITLEMENTS = iOS/iOS.entitlements;
				CODE_SIGN_STYLE = Automatic;
				CURRENT_PROJECT_VERSION = 25;
				DEVELOPMENT_TEAM = 48HFZR3X8K;
				ENABLE_PREVIEWS = YES;
				INFOPLIST_FILE = iOS/Info.plist;
				IPHONEOS_DEPLOYMENT_TARGET = 14.3;
				LD_RUNPATH_SEARCH_PATHS = (
					"$(inherited)",
					"@executable_path/Frameworks",
				);
				MARKETING_VERSION = 1.1.1;
				PRODUCT_BUNDLE_IDENTIFIER = com.darkfox.otphub;
				PRODUCT_NAME = OTPHub;
				SDKROOT = iphoneos;
				SWIFT_VERSION = 5.0;
				TARGETED_DEVICE_FAMILY = "1,2";
			};
			name = Debug;
		};
		CB35696925B53CEC00663B2E /* Release */ = {
			isa = XCBuildConfiguration;
			buildSettings = {
				ASSETCATALOG_COMPILER_APPICON_NAME = AppIcon;
				ASSETCATALOG_COMPILER_GLOBAL_ACCENT_COLOR_NAME = AccentColor;
				CODE_SIGN_ENTITLEMENTS = iOS/iOS.entitlements;
				CODE_SIGN_STYLE = Automatic;
				CURRENT_PROJECT_VERSION = 25;
				DEVELOPMENT_TEAM = 48HFZR3X8K;
				ENABLE_PREVIEWS = YES;
				INFOPLIST_FILE = iOS/Info.plist;
				IPHONEOS_DEPLOYMENT_TARGET = 14.3;
				LD_RUNPATH_SEARCH_PATHS = (
					"$(inherited)",
					"@executable_path/Frameworks",
				);
				MARKETING_VERSION = 1.1.1;
				PRODUCT_BUNDLE_IDENTIFIER = com.darkfox.otphub;
				PRODUCT_NAME = OTPHub;
				SDKROOT = iphoneos;
				SWIFT_VERSION = 5.0;
				TARGETED_DEVICE_FAMILY = "1,2";
				VALIDATE_PRODUCT = YES;
			};
			name = Release;
		};
		CB35696B25B53CEC00663B2E /* Debug */ = {
			isa = XCBuildConfiguration;
			buildSettings = {
				ASSETCATALOG_COMPILER_APPICON_NAME = AppIcon;
				ASSETCATALOG_COMPILER_GLOBAL_ACCENT_COLOR_NAME = AccentColor;
				CODE_SIGN_ENTITLEMENTS = macOS/macOS.entitlements;
				CODE_SIGN_STYLE = Automatic;
				COMBINE_HIDPI_IMAGES = YES;
				CURRENT_PROJECT_VERSION = 25;
				DEVELOPMENT_TEAM = 48HFZR3X8K;
				ENABLE_HARDENED_RUNTIME = YES;
				ENABLE_PREVIEWS = YES;
				INFOPLIST_FILE = macOS/Info.plist;
				LD_RUNPATH_SEARCH_PATHS = (
					"$(inherited)",
					"@executable_path/../Frameworks",
				);
				MACOSX_DEPLOYMENT_TARGET = 11.0;
				MARKETING_VERSION = 1.1.1;
				PRODUCT_BUNDLE_IDENTIFIER = com.darkfox.otphub;
				PRODUCT_NAME = OTPHub;
				SDKROOT = macosx;
				SWIFT_VERSION = 5.0;
			};
			name = Debug;
		};
		CB35696C25B53CEC00663B2E /* Release */ = {
			isa = XCBuildConfiguration;
			buildSettings = {
				ASSETCATALOG_COMPILER_APPICON_NAME = AppIcon;
				ASSETCATALOG_COMPILER_GLOBAL_ACCENT_COLOR_NAME = AccentColor;
				CODE_SIGN_ENTITLEMENTS = macOS/macOS.entitlements;
				CODE_SIGN_STYLE = Automatic;
				COMBINE_HIDPI_IMAGES = YES;
				CURRENT_PROJECT_VERSION = 25;
				DEVELOPMENT_TEAM = 48HFZR3X8K;
				ENABLE_HARDENED_RUNTIME = YES;
				ENABLE_PREVIEWS = YES;
				INFOPLIST_FILE = macOS/Info.plist;
				LD_RUNPATH_SEARCH_PATHS = (
					"$(inherited)",
					"@executable_path/../Frameworks",
				);
				MACOSX_DEPLOYMENT_TARGET = 11.0;
				MARKETING_VERSION = 1.1.1;
				PRODUCT_BUNDLE_IDENTIFIER = com.darkfox.otphub;
				PRODUCT_NAME = OTPHub;
				SDKROOT = macosx;
				SWIFT_VERSION = 5.0;
			};
			name = Release;
		};
/* End XCBuildConfiguration section */

/* Begin XCConfigurationList section */
		CB35694325B53CEB00663B2E /* Build configuration list for PBXProject "OTPHub" */ = {
			isa = XCConfigurationList;
			buildConfigurations = (
				CB35696525B53CEC00663B2E /* Debug */,
				CB35696625B53CEC00663B2E /* Release */,
			);
			defaultConfigurationIsVisible = 0;
			defaultConfigurationName = Release;
		};
		CB35696725B53CEC00663B2E /* Build configuration list for PBXNativeTarget "OTPHub (iOS)" */ = {
			isa = XCConfigurationList;
			buildConfigurations = (
				CB35696825B53CEC00663B2E /* Debug */,
				CB35696925B53CEC00663B2E /* Release */,
			);
			defaultConfigurationIsVisible = 0;
			defaultConfigurationName = Release;
		};
		CB35696A25B53CEC00663B2E /* Build configuration list for PBXNativeTarget "OTPHub (macOS)" */ = {
			isa = XCConfigurationList;
			buildConfigurations = (
				CB35696B25B53CEC00663B2E /* Debug */,
				CB35696C25B53CEC00663B2E /* Release */,
			);
			defaultConfigurationIsVisible = 0;
			defaultConfigurationName = Release;
		};
/* End XCConfigurationList section */

/* Begin XCRemoteSwiftPackageReference section */
		CBBE8A6B25B6969300CE1DE8 /* XCRemoteSwiftPackageReference "CodeScanner" */ = {
			isa = XCRemoteSwiftPackageReference;
			repositoryURL = "https://github.com/twostraws/CodeScanner";
			requirement = {
				kind = upToNextMajorVersion;
				minimumVersion = 1.0.7;
			};
		};
/* End XCRemoteSwiftPackageReference section */

/* Begin XCSwiftPackageProductDependency section */
		CBBD42F525BC1AEC0091028D /* SwiftOTP */ = {
			isa = XCSwiftPackageProductDependency;
			productName = SwiftOTP;
		};
		CBBD42F725BC1AF40091028D /* SwiftOTP */ = {
			isa = XCSwiftPackageProductDependency;
			productName = SwiftOTP;
		};
		CBBE8A6C25B6969300CE1DE8 /* CodeScanner */ = {
			isa = XCSwiftPackageProductDependency;
			package = CBBE8A6B25B6969300CE1DE8 /* XCRemoteSwiftPackageReference "CodeScanner" */;
			productName = CodeScanner;
		};
/* End XCSwiftPackageProductDependency section */

/* Begin XCVersionGroup section */
		CB35694525B53CEB00663B2E /* OTPHub.xcdatamodeld */ = {
			isa = XCVersionGroup;
			children = (
				CB35694625B53CEB00663B2E /* Shared.xcdatamodel */,
			);
			currentVersion = CB35694625B53CEB00663B2E /* Shared.xcdatamodel */;
			path = OTPHub.xcdatamodeld;
			sourceTree = "<group>";
			versionGroupType = wrapper.xcdatamodel;
		};
/* End XCVersionGroup section */
	};
	rootObject = CB35694025B53CEB00663B2E /* Project object */;
}
